{
  "version": 4,
  "terraform_version": "1.1.8",
  "serial": 8,
  "lineage": "efbb3e53-e51f-6bbb-01b7-36db89c0aa5a",
  "outputs": {},
  "resources": [
    {
      "module": "module.kv",
      "mode": "data",
      "type": "azurerm_client_config",
      "name": "current",
      "provider": "provider[\"registry.terraform.io/hashicorp/azurerm\"]",
      "instances": [
        {
          "schema_version": 0,
          "attributes": {
            "client_id": "04b07795-8ddb-461a-bbee-02f9e1bf7b46",
            "id": "2024-11-25 09:01:55.357660618 +0000 UTC",
            "object_id": "",
            "subscription_id": "a4924200-2523-46cf-a092-0479ad3fe852",
            "tenant_id": "19eee545-4131-45c6-9a60-1a17e5cc507d",
            "timeouts": null
          },
          "sensitive_attributes": []
        }
      ]
    },
    {
      "module": "module.kv",
      "mode": "managed",
      "type": "azurerm_key_vault",
      "name": "kv",
      "provider": "provider[\"registry.terraform.io/hashicorp/azurerm\"]",
      "instances": [
        {
          "schema_version": 2,
          "attributes": {
            "access_policy": [
              {
                "application_id": "",
                "certificate_permissions": null,
                "key_permissions": [
                  "Get",
                  "Create",
                  "List",
                  "Delete"
                ],
                "object_id": "66a43dfe-0c4d-4730-a3c7-ce3ce5c8a718",
                "secret_permissions": [
                  "Get",
                  "Set",
                  "List",
                  "Delete"
                ],
                "storage_permissions": null,
                "tenant_id": "19eee545-4131-45c6-9a60-1a17e5cc507d"
              }
            ],
            "contact": [],
            "enable_rbac_authorization": false,
            "enabled_for_deployment": false,
            "enabled_for_disk_encryption": false,
            "enabled_for_template_deployment": false,
            "id": "/subscriptions/a4924200-2523-46cf-a092-0479ad3fe852/resourceGroups/OmarLucia-RG/providers/Microsoft.KeyVault/vaults/tf-kv-omarlucia-dev",
            "location": "eastus",
            "name": "tf-kv-omarlucia-dev",
            "network_acls": [
              {
                "bypass": "AzureServices",
                "default_action": "Allow",
                "ip_rules": [],
                "virtual_network_subnet_ids": []
              }
            ],
            "purge_protection_enabled": false,
            "resource_group_name": "OmarLucia-RG",
            "sku_name": "standard",
            "soft_delete_enabled": true,
            "soft_delete_retention_days": 90,
            "tags": {},
            "tenant_id": "19eee545-4131-45c6-9a60-1a17e5cc507d",
            "timeouts": null,
            "vault_uri": "https://tf-kv-omarlucia-dev.vault.azure.net/"
          },
          "sensitive_attributes": [],
          "private": "eyJlMmJmYjczMC1lY2FhLTExZTYtOGY4OC0zNDM2M2JjN2M0YzAiOnsiY3JlYXRlIjoxODAwMDAwMDAwMDAwLCJkZWxldGUiOjE4MDAwMDAwMDAwMDAsInJlYWQiOjMwMDAwMDAwMDAwMCwidXBkYXRlIjoxODAwMDAwMDAwMDAwfSwic2NoZW1hX3ZlcnNpb24iOiIyIn0=",
          "dependencies": [
            "module.kv.data.azurerm_client_config.current",
            "module.storage_account.azurerm_storage_account.storage_account"
          ]
        }
      ]
    },
    {
      "module": "module.kv",
      "mode": "managed",
      "type": "azurerm_key_vault_secret",
      "name": "secret",
      "provider": "provider[\"registry.terraform.io/hashicorp/azurerm\"]",
      "instances": [
        {
          "schema_version": 0,
          "attributes": {
            "content_type": "",
            "expiration_date": null,
            "id": "https://tf-kv-omarlucia-dev.vault.azure.net/secrets/tf-secret-sa-omarlucia-dev/b19578d957f6415cad0b5feec1516636",
            "key_vault_id": "/subscriptions/a4924200-2523-46cf-a092-0479ad3fe852/resourceGroups/OmarLucia-RG/providers/Microsoft.KeyVault/vaults/tf-kv-omarlucia-dev",
            "name": "tf-secret-sa-omarlucia-dev",
            "not_before_date": null,
            "tags": null,
            "timeouts": null,
            "value": "DefaultEndpointsProtocol=https;AccountName=tfscomarluciadev;AccountKey=D14FbeVdrUSIk4w7DJS/zuQCuULATrFoeGhp6vKxwOmdkwbj5TjNS1f+2J3ILrwCArSMjx4GiOa++AStKtDKGw==;EndpointSuffix=core.windows.net",
            "version": "b19578d957f6415cad0b5feec1516636"
          },
          "sensitive_attributes": [
            [
              {
                "type": "get_attr",
                "value": "value"
              }
            ]
          ],
          "private": "eyJlMmJmYjczMC1lY2FhLTExZTYtOGY4OC0zNDM2M2JjN2M0YzAiOnsiY3JlYXRlIjoxODAwMDAwMDAwMDAwLCJkZWxldGUiOjE4MDAwMDAwMDAwMDAsInJlYWQiOjMwMDAwMDAwMDAwMCwidXBkYXRlIjoxODAwMDAwMDAwMDAwfX0=",
          "dependencies": [
            "module.kv.azurerm_key_vault.kv",
            "module.kv.data.azurerm_client_config.current",
            "module.storage_account.azurerm_storage_account.storage_account"
          ]
        }
      ]
    },
    {
      "module": "module.storage_account",
      "mode": "managed",
      "type": "azurerm_storage_account",
      "name": "storage_account",
      "provider": "provider[\"registry.terraform.io/hashicorp/azurerm\"]",
      "instances": [
        {
          "schema_version": 2,
          "attributes": {
            "access_tier": "Hot",
            "account_kind": "StorageV2",
            "account_replication_type": "LRS",
            "account_tier": "Standard",
            "allow_blob_public_access": false,
            "blob_properties": [],
            "custom_domain": [],
            "enable_https_traffic_only": true,
            "id": "/subscriptions/a4924200-2523-46cf-a092-0479ad3fe852/resourceGroups/OmarLucia-RG/providers/Microsoft.Storage/storageAccounts/tfscomarluciadev",
            "identity": [],
            "is_hns_enabled": false,
            "large_file_share_enabled": null,
            "location": "eastus",
            "min_tls_version": "TLS1_0",
            "name": "tfscomarluciadev",
            "network_rules": [
              {
                "bypass": [
                  "AzureServices"
                ],
                "default_action": "Allow",
                "ip_rules": [],
                "virtual_network_subnet_ids": []
              }
            ],
            "primary_access_key": "D14FbeVdrUSIk4w7DJS/zuQCuULATrFoeGhp6vKxwOmdkwbj5TjNS1f+2J3ILrwCArSMjx4GiOa++AStKtDKGw==",
            "primary_blob_connection_string": "DefaultEndpointsProtocol=https;BlobEndpoint=https://tfscomarluciadev.blob.core.windows.net/;AccountName=tfscomarluciadev;AccountKey=D14FbeVdrUSIk4w7DJS/zuQCuULATrFoeGhp6vKxwOmdkwbj5TjNS1f+2J3ILrwCArSMjx4GiOa++AStKtDKGw==",
            "primary_blob_endpoint": "https://tfscomarluciadev.blob.core.windows.net/",
            "primary_blob_host": "tfscomarluciadev.blob.core.windows.net",
            "primary_connection_string": "DefaultEndpointsProtocol=https;AccountName=tfscomarluciadev;AccountKey=D14FbeVdrUSIk4w7DJS/zuQCuULATrFoeGhp6vKxwOmdkwbj5TjNS1f+2J3ILrwCArSMjx4GiOa++AStKtDKGw==;EndpointSuffix=core.windows.net",
            "primary_dfs_endpoint": "https://tfscomarluciadev.dfs.core.windows.net/",
            "primary_dfs_host": "tfscomarluciadev.dfs.core.windows.net",
            "primary_file_endpoint": "https://tfscomarluciadev.file.core.windows.net/",
            "primary_file_host": "tfscomarluciadev.file.core.windows.net",
            "primary_location": "eastus",
            "primary_queue_endpoint": "https://tfscomarluciadev.queue.core.windows.net/",
            "primary_queue_host": "tfscomarluciadev.queue.core.windows.net",
            "primary_table_endpoint": "https://tfscomarluciadev.table.core.windows.net/",
            "primary_table_host": "tfscomarluciadev.table.core.windows.net",
            "primary_web_endpoint": "https://tfscomarluciadev.z13.web.core.windows.net/",
            "primary_web_host": "tfscomarluciadev.z13.web.core.windows.net",
            "queue_properties": [
              {
                "cors_rule": [],
                "hour_metrics": [
                  {
                    "enabled": true,
                    "include_apis": true,
                    "retention_policy_days": 7,
                    "version": "1.0"
                  }
                ],
                "logging": [
                  {
                    "delete": false,
                    "read": false,
                    "retention_policy_days": 0,
                    "version": "1.0",
                    "write": false
                  }
                ],
                "minute_metrics": [
                  {
                    "enabled": false,
                    "include_apis": false,
                    "retention_policy_days": 0,
                    "version": "1.0"
                  }
                ]
              }
            ],
            "resource_group_name": "OmarLucia-RG",
            "secondary_access_key": "o6hAI9A2+gG+XHetNFYI/fVk/w2guGYDYgUPT8vhvbxeutNW8zcbw33bukAa8MoZZXQcMcs4P9hI+ASt+Z5JfA==",
            "secondary_blob_connection_string": "",
            "secondary_blob_endpoint": null,
            "secondary_blob_host": null,
            "secondary_connection_string": "DefaultEndpointsProtocol=https;AccountName=tfscomarluciadev;AccountKey=o6hAI9A2+gG+XHetNFYI/fVk/w2guGYDYgUPT8vhvbxeutNW8zcbw33bukAa8MoZZXQcMcs4P9hI+ASt+Z5JfA==;EndpointSuffix=core.windows.net",
            "secondary_dfs_endpoint": null,
            "secondary_dfs_host": null,
            "secondary_file_endpoint": null,
            "secondary_file_host": null,
            "secondary_location": "",
            "secondary_queue_endpoint": null,
            "secondary_queue_host": null,
            "secondary_table_endpoint": null,
            "secondary_table_host": null,
            "secondary_web_endpoint": null,
            "secondary_web_host": null,
            "static_website": [],
            "tags": {},
            "timeouts": null
          },
          "sensitive_attributes": [],
          "private": "eyJlMmJmYjczMC1lY2FhLTExZTYtOGY4OC0zNDM2M2JjN2M0YzAiOnsiY3JlYXRlIjozNjAwMDAwMDAwMDAwLCJkZWxldGUiOjM2MDAwMDAwMDAwMDAsInJlYWQiOjMwMDAwMDAwMDAwMCwidXBkYXRlIjozNjAwMDAwMDAwMDAwfSwic2NoZW1hX3ZlcnNpb24iOiIyIn0="
        }
      ]
    }
  ]
}
